
Microsoft Visual Studio Solution File, Format Version 12.00
# Visual Studio Version 16
VisualStudioVersion = 16.0.28803.352
MinimumVisualStudioVersion = 10.0.40219.1
Project("{FAE04EC0-301F-11D3-BF4B-00C04F79EFBC}") = "QuickBuy.Dominio", "QuickBuy.Dominio\QuickBuy.Dominio.csproj", "{247128CD-269D-44FB-B0A5-393A516044C4}"
EndProject
Project("{FAE04EC0-301F-11D3-BF4B-00C04F79EFBC}") = "QuickBuy.Repositorio", "QuickBuy.Repositorio\QuickBuy.Repositorio.csproj", "{2910DBE0-15AA-4017-A0A4-FEC6D511465F}"
EndProject
Project("{FAE04EC0-301F-11D3-BF4B-00C04F79EFBC}") = "QuickBuy.Web", "QuickBuy.Web\QuickBuy.Web.csproj", "{BCFBE5D8-0549-40E6-8858-84444D7F5705}"
EndProject
Global
	GlobalSection(SolutionConfigurationPlatforms) = preSolution
		Debug|Any CPU = Debug|Any CPU
		Release|Any CPU = Release|Any CPU
	EndGlobalSection
	GlobalSection(ProjectConfigurationPlatforms) = postSolution
		{247128CD-269D-44FB-B0A5-393A516044C4}.Debug|Any CPU.ActiveCfg = Debug|Any CPU
		{247128CD-269D-44FB-B0A5-393A516044C4}.Debug|Any CPU.Build.0 = Debug|Any CPU
		{247128CD-269D-44FB-B0A5-393A516044C4}.Release|Any CPU.ActiveCfg = Release|Any CPU
		{247128CD-269D-44FB-B0A5-393A516044C4}.Release|Any CPU.Build.0 = Release|Any CPU
		{2910DBE0-15AA-4017-A0A4-FEC6D511465F}.Debug|Any CPU.ActiveCfg = Debug|Any CPU
		{2910DBE0-15AA-4017-A0A4-FEC6D511465F}.Debug|Any CPU.Build.0 = Debug|Any CPU
		{2910DBE0-15AA-4017-A0A4-FEC6D511465F}.Release|Any CPU.ActiveCfg = Release|Any CPU
		{2910DBE0-15AA-4017-A0A4-FEC6D511465F}.Release|Any CPU.Build.0 = Release|Any CPU
		{BCFBE5D8-0549-40E6-8858-84444D7F5705}.Debug|Any CPU.ActiveCfg = Debug|Any CPU
		{BCFBE5D8-0549-40E6-8858-84444D7F5705}.Debug|Any CPU.Build.0 = Debug|Any CPU
		{BCFBE5D8-0549-40E6-8858-84444D7F5705}.Release|Any CPU.ActiveCfg = Release|Any CPU
		{BCFBE5D8-0549-40E6-8858-84444D7F5705}.Release|Any CPU.Build.0 = Release|Any CPU
	EndGlobalSection
	GlobalSection(SolutionProperties) = preSolution
		HideSolutionNode = FALSE
	EndGlobalSection
	GlobalSection(ExtensibilityGlobals) = postSolution
		SolutionGuid = {82428A05-522B-4489-A8D9-6CB7CBE6C788}
	EndGlobalSection
EndGlobal
